
Microsoft Visual Studio Solution File, Format Version 12.00
# Visual Studio 14
VisualStudioVersion = 14.0.24720.0
MinimumVisualStudioVersion = 10.0.40219.1
Project("{FAE04EC0-301F-11D3-BF4B-00C04F79EFBC}") = "targilim_6_3", "targilim_6_4\targilim_6_3.csproj", "{8013244F-C824-4655-BBE4-1DC0C0F43A73}"
EndProject
Global
	GlobalSection(SolutionConfigurationPlatforms) = preSolution
		Debug|Any CPU = Debug|Any CPU
		Release|Any CPU = Release|Any CPU
	EndGlobalSection
	GlobalSection(ProjectConfigurationPlatforms) = postSolution
		{8013244F-C824-4655-BBE4-1DC0C0F43A73}.Debug|Any CPU.ActiveCfg = Debug|Any CPU
		{8013244F-C824-4655-BBE4-1DC0C0F43A73}.Debug|Any CPU.Build.0 = Debug|Any CPU
		{8013244F-C824-4655-BBE4-1DC0C0F43A73}.Release|Any CPU.ActiveCfg = Release|Any CPU
		{8013244F-C824-4655-BBE4-1DC0C0F43A73}.Release|Any CPU.Build.0 = Release|Any CPU
	EndGlobalSection
	GlobalSection(SolutionProperties) = preSolution
		HideSolutionNode = FALSE
	EndGlobalSection
EndGlobal
